
Microsoft Visual Studio Solution File, Format Version 12.00
# Visual Studio Version 16
VisualStudioVersion = 16.0.29519.181
MinimumVisualStudioVersion = 10.0.40219.1
Project("{FAE04EC0-301F-11D3-BF4B-00C04F79EFBC}") = "StringBuilderRefOut", "StringBuilderRefOut\StringBuilderRefOut.csproj", "{627AF3C6-80AB-44B0-A174-FA83B9B988B2}"
EndProject
Global
	GlobalSection(SolutionConfigurationPlatforms) = preSolution
		Debug|Any CPU = Debug|Any CPU
		Release|Any CPU = Release|Any CPU
	EndGlobalSection
	GlobalSection(ProjectConfigurationPlatforms) = postSolution
		{627AF3C6-80AB-44B0-A174-FA83B9B988B2}.Debug|Any CPU.ActiveCfg = Debug|Any CPU
		{627AF3C6-80AB-44B0-A174-FA83B9B988B2}.Debug|Any CPU.Build.0 = Debug|Any CPU
		{627AF3C6-80AB-44B0-A174-FA83B9B988B2}.Release|Any CPU.ActiveCfg = Release|Any CPU
		{627AF3C6-80AB-44B0-A174-FA83B9B988B2}.Release|Any CPU.Build.0 = Release|Any CPU
	EndGlobalSection
	GlobalSection(SolutionProperties) = preSolution
		HideSolutionNode = FALSE
	EndGlobalSection
	GlobalSection(ExtensibilityGlobals) = postSolution
		SolutionGuid = {3103E7C5-6EED-4511-85A9-E74856D5579D}
	EndGlobalSection
EndGlobal
